
Microsoft Visual Studio Solution File, Format Version 12.00
# Visual Studio Version 16
VisualStudioVersion = 16.0.31729.503
MinimumVisualStudioVersion = 10.0.40219.1
Project("{FAE04EC0-301F-11D3-BF4B-00C04F79EFBC}") = "Obooking", "Obooking\Obooking.csproj", "{04C78A7E-16E8-49D9-A356-2DEAC15058DE}"
EndProject
Global
	GlobalSection(SolutionConfigurationPlatforms) = preSolution
		Debug|Any CPU = Debug|Any CPU
		Release|Any CPU = Release|Any CPU
	EndGlobalSection
	GlobalSection(ProjectConfigurationPlatforms) = postSolution
		{04C78A7E-16E8-49D9-A356-2DEAC15058DE}.Debug|Any CPU.ActiveCfg = Debug|Any CPU
		{04C78A7E-16E8-49D9-A356-2DEAC15058DE}.Debug|Any CPU.Build.0 = Debug|Any CPU
		{04C78A7E-16E8-49D9-A356-2DEAC15058DE}.Release|Any CPU.ActiveCfg = Release|Any CPU
		{04C78A7E-16E8-49D9-A356-2DEAC15058DE}.Release|Any CPU.Build.0 = Release|Any CPU
	EndGlobalSection
	GlobalSection(SolutionProperties) = preSolution
		HideSolutionNode = FALSE
	EndGlobalSection
	GlobalSection(ExtensibilityGlobals) = postSolution
		SolutionGuid = {C83DBE7A-EB33-4A0E-BE25-E245BBCBAF93}
	EndGlobalSection
EndGlobal
